// !$*UTF8*$!
{
	archiveVersion = 1;
	classes = {
	};
	objectVersion = 46;
	objects = {

/* Begin PBXBuildFile section */
		3FBAFBC51D7C5450008DDF65 /* AppDelegate.swift in Sources */ = {isa = PBXBuildFile; fileRef = 3FBAFBC41D7C5450008DDF65 /* AppDelegate.swift */; };
		3FBAFBC71D7C5450008DDF65 /* ViewController.swift in Sources */ = {isa = PBXBuildFile; fileRef = 3FBAFBC61D7C5450008DDF65 /* ViewController.swift */; };
		3FBAFBCA1D7C5450008DDF65 /* Main.storyboard in Resources */ = {isa = PBXBuildFile; fileRef = 3FBAFBC81D7C5450008DDF65 /* Main.storyboard */; };
		3FBAFBCC1D7C5450008DDF65 /* Assets.xcassets in Resources */ = {isa = PBXBuildFile; fileRef = 3FBAFBCB1D7C5450008DDF65 /* Assets.xcassets */; };
		3FBAFBCF1D7C5450008DDF65 /* LaunchScreen.storyboard in Resources */ = {isa = PBXBuildFile; fileRef = 3FBAFBCD1D7C5450008DDF65 /* LaunchScreen.storyboard */; };
		3FBAFBDA1D7C5450008DDF65 /* CusutomContainerTests.swift in Sources */ = {isa = PBXBuildFile; fileRef = 3FBAFBD91D7C5450008DDF65 /* CusutomContainerTests.swift */; };
		3FBAFBE51D7C5450008DDF65 /* CusutomContainerUITests.swift in Sources */ = {isa = PBXBuildFile; fileRef = 3FBAFBE41D7C5450008DDF65 /* CusutomContainerUITests.swift */; };
/* End PBXBuildFile section */

/* Begin PBXContainerItemProxy section */
		3FBAFBD61D7C5450008DDF65 /* PBXContainerItemProxy */ = {
			isa = PBXContainerItemProxy;
			containerPortal = 3FBAFBB91D7C5450008DDF65 /* Project object */;
			proxyType = 1;
			remoteGlobalIDString = 3FBAFBC01D7C5450008DDF65;
			remoteInfo = CusutomContainer;
		};
		3FBAFBE11D7C5450008DDF65 /* PBXContainerItemProxy */ = {
			isa = PBXContainerItemProxy;
			containerPortal = 3FBAFBB91D7C5450008DDF65 /* Project object */;
			proxyType = 1;
			remoteGlobalIDString = 3FBAFBC01D7C5450008DDF65;
			remoteInfo = CusutomContainer;
		};
/* End PBXContainerItemProxy section */

/* Begin PBXFileReference section */
		3FBAFBC11D7C5450008DDF65 /* CusutomContainer.app */ = {isa = PBXFileReference; explicitFileType = wrapper.application; includeInIndex = 0; path = CusutomContainer.app; sourceTree = BUILT_PRODUCTS_DIR; };
		3FBAFBC41D7C5450008DDF65 /* AppDelegate.swift */ = {isa = PBXFileReference; lastKnownFileType = sourcecode.swift; path = AppDelegate.swift; sourceTree = "<group>"; };
		3FBAFBC61D7C5450008DDF65 /* ViewController.swift */ = {isa = PBXFileReference; lastKnownFileType = sourcecode.swift; path = ViewController.swift; sourceTree = "<group>"; };
		3FBAFBC91D7C5450008DDF65 /* Base */ = {isa = PBXFileReference; lastKnownFileType = file.storyboard; name = Base; path = Base.lproj/Main.storyboard; sourceTree = "<group>"; };
		3FBAFBCB1D7C5450008DDF65 /* Assets.xcassets */ = {isa = PBXFileReference; lastKnownFileType = folder.assetcatalog; path = Assets.xcassets; sourceTree = "<group>"; };
		3FBAFBCE1D7C5450008DDF65 /* Base */ = {isa = PBXFileReference; lastKnownFileType = file.storyboard; name = Base; path = Base.lproj/LaunchScreen.storyboard; sourceTree = "<group>"; };
		3FBAFBD01D7C5450008DDF65 /* Info.plist */ = {isa = PBXFileReference; lastKnownFileType = text.plist.xml; path = Info.plist; sourceTree = "<group>"; };
		3FBAFBD51D7C5450008DDF65 /* CusutomContainerTests.xctest */ = {isa = PBXFileReference; explicitFileType = wrapper.cfbundle; includeInIndex = 0; path = CusutomContainerTests.xctest; sourceTree = BUILT_PRODUCTS_DIR; };
		3FBAFBD91D7C5450008DDF65 /* CusutomContainerTests.swift */ = {isa = PBXFileReference; lastKnownFileType = sourcecode.swift; path = CusutomContainerTests.swift; sourceTree = "<group>"; };
		3FBAFBDB1D7C5450008DDF65 /* Info.plist */ = {isa = PBXFileReference; lastKnownFileType = text.plist.xml; path = Info.plist; sourceTree = "<group>"; };
		3FBAFBE01D7C5450008DDF65 /* CusutomContainerUITests.xctest */ = {isa = PBXFileReference; explicitFileType = wrapper.cfbundle; includeInIndex = 0; path = CusutomContainerUITests.xctest; sourceTree = BUILT_PRODUCTS_DIR; };
		3FBAFBE41D7C5450008DDF65 /* CusutomContainerUITests.swift */ = {isa = PBXFileReference; lastKnownFileType = sourcecode.swift; path = CusutomContainerUITests.swift; sourceTree = "<group>"; };
		3FBAFBE61D7C5450008DDF65 /* Info.plist */ = {isa = PBXFileReference; lastKnownFileType = text.plist.xml; path = Info.plist; sourceTree = "<group>"; };
/* End PBXFileReference section */

/* Begin PBXFrameworksBuildPhase section */
		3FBAFBBE1D7C5450008DDF65 /* Frameworks */ = {
			isa = PBXFrameworksBuildPhase;
			buildActionMask = 2147483647;
			files = (
			);
			runOnlyForDeploymentPostprocessing = 0;
		};
		3FBAFBD21D7C5450008DDF65 /* Frameworks */ = {
			isa = PBXFrameworksBuildPhase;
			buildActionMask = 2147483647;
			files = (
			);
			runOnlyForDeploymentPostprocessing = 0;
		};
		3FBAFBDD1D7C5450008DDF65 /* Frameworks */ = {
			isa = PBXFrameworksBuildPhase;
			buildActionMask = 2147483647;
			files = (
			);
			runOnlyForDeploymentPostprocessing = 0;
		};
/* End PBXFrameworksBuildPhase section */

/* Begin PBXGroup section */
		3FBAFBB81D7C5450008DDF65 = {
			isa = PBXGroup;
			children = (
				3FBAFBC31D7C5450008DDF65 /* CusutomContainer */,
				3FBAFBD81D7C5450008DDF65 /* CusutomContainerTests */,
				3FBAFBE31D7C5450008DDF65 /* CusutomContainerUITests */,
				3FBAFBC21D7C5450008DDF65 /* Products */,
			);
			sourceTree = "<group>";
		};
		3FBAFBC21D7C5450008DDF65 /* Products */ = {
			isa = PBXGroup;
			children = (
				3FBAFBC11D7C5450008DDF65 /* CusutomContainer.app */,
				3FBAFBD51D7C5450008DDF65 /* CusutomContainerTests.xctest */,
				3FBAFBE01D7C5450008DDF65 /* CusutomContainerUITests.xctest */,
			);
			name = Products;
			sourceTree = "<group>";
		};
		3FBAFBC31D7C5450008DDF65 /* CusutomContainer */ = {
			isa = PBXGroup;
			children = (
				3FBAFBC41D7C5450008DDF65 /* AppDelegate.swift */,
				3FBAFBC61D7C5450008DDF65 /* ViewController.swift */,
				3FBAFBC81D7C5450008DDF65 /* Main.storyboard */,
				3FBAFBCB1D7C5450008DDF65 /* Assets.xcassets */,
				3FBAFBCD1D7C5450008DDF65 /* LaunchScreen.storyboard */,
				3FBAFBD01D7C5450008DDF65 /* Info.plist */,
			);
			path = CusutomContainer;
			sourceTree = "<group>";
		};
		3FBAFBD81D7C5450008DDF65 /* CusutomContainerTests */ = {
			isa = PBXGroup;
			children = (
				3FBAFBD91D7C5450008DDF65 /* CusutomContainerTests.swift */,
				3FBAFBDB1D7C5450008DDF65 /* Info.plist */,
			);
			path = CusutomContainerTests;
			sourceTree = "<group>";
		};
		3FBAFBE31D7C5450008DDF65 /* CusutomContainerUITests */ = {
			isa = PBXGroup;
			children = (
				3FBAFBE41D7C5450008DDF65 /* CusutomContainerUITests.swift */,
				3FBAFBE61D7C5450008DDF65 /* Info.plist */,
			);
			path = CusutomContainerUITests;
			sourceTree = "<group>";
		};
/* End PBXGroup section */

/* Begin PBXNativeTarget section */
		3FBAFBC01D7C5450008DDF65 /* CusutomContainer */ = {
			isa = PBXNativeTarget;
			buildConfigurationList = 3FBAFBE91D7C5450008DDF65 /* Build configuration list for PBXNativeTarget "CusutomContainer" */;
			buildPhases = (
				3FBAFBBD1D7C5450008DDF65 /* Sources */,
				3FBAFBBE1D7C5450008DDF65 /* Frameworks */,
				3FBAFBBF1D7C5450008DDF65 /* Resources */,
			);
			buildRules = (
			);
			dependencies = (
			);
			name = CusutomContainer;
			productName = CusutomContainer;
			productReference = 3FBAFBC11D7C5450008DDF65 /* CusutomContainer.app */;
			productType = "com.apple.product-type.application";
		};
		3FBAFBD41D7C5450008DDF65 /* CusutomContainerTests */ = {
			isa = PBXNativeTarget;
			buildConfigurationList = 3FBAFBEC1D7C5450008DDF65 /* Build configuration list for PBXNativeTarget "CusutomContainerTests" */;
			buildPhases = (
				3FBAFBD11D7C5450008DDF65 /* Sources */,
				3FBAFBD21D7C5450008DDF65 /* Frameworks */,
				3FBAFBD31D7C5450008DDF65 /* Resources */,
			);
			buildRules = (
			);
			dependencies = (
				3FBAFBD71D7C5450008DDF65 /* PBXTargetDependency */,
			);
			name = CusutomContainerTests;
			productName = CusutomContainerTests;
			productReference = 3FBAFBD51D7C5450008DDF65 /* CusutomContainerTests.xctest */;
			productType = "com.apple.product-type.bundle.unit-test";
		};
		3FBAFBDF1D7C5450008DDF65 /* CusutomContainerUITests */ = {
			isa = PBXNativeTarget;
			buildConfigurationList = 3FBAFBEF1D7C5450008DDF65 /* Build configuration list for PBXNativeTarget "CusutomContainerUITests" */;
			buildPhases = (
				3FBAFBDC1D7C5450008DDF65 /* Sources */,
				3FBAFBDD1D7C5450008DDF65 /* Frameworks */,
				3FBAFBDE1D7C5450008DDF65 /* Resources */,
			);
			buildRules = (
			);
			dependencies = (
				3FBAFBE21D7C5450008DDF65 /* PBXTargetDependency */,
			);
			name = CusutomContainerUITests;
			productName = CusutomContainerUITests;
			productReference = 3FBAFBE01D7C5450008DDF65 /* CusutomContainerUITests.xctest */;
			productType = "com.apple.product-type.bundle.ui-testing";
		};
/* End PBXNativeTarget section */

/* Begin PBXProject section */
		3FBAFBB91D7C5450008DDF65 /* Project object */ = {
			isa = PBXProject;
			attributes = {
				LastSwiftUpdateCheck = 0730;
				LastUpgradeCheck = 0730;
				ORGANIZATIONNAME = rintaro.yamasaki;
				TargetAttributes = {
					3FBAFBC01D7C5450008DDF65 = {
						CreatedOnToolsVersion = 7.3.1;
					};
					3FBAFBD41D7C5450008DDF65 = {
						CreatedOnToolsVersion = 7.3.1;
						TestTargetID = 3FBAFBC01D7C5450008DDF65;
					};
					3FBAFBDF1D7C5450008DDF65 = {
						CreatedOnToolsVersion = 7.3.1;
						TestTargetID = 3FBAFBC01D7C5450008DDF65;
					};
				};
			};
			buildConfigurationList = 3FBAFBBC1D7C5450008DDF65 /* Build configuration list for PBXProject "CusutomContainer" */;
			compatibilityVersion = "Xcode 3.2";
			developmentRegion = English;
			hasScannedForEncodings = 0;
			knownRegions = (
				en,
				Base,
			);
			mainGroup = 3FBAFBB81D7C5450008DDF65;
			productRefGroup = 3FBAFBC21D7C5450008DDF65 /* Products */;
			projectDirPath = "";
			projectRoot = "";
			targets = (
				3FBAFBC01D7C5450008DDF65 /* CusutomContainer */,
				3FBAFBD41D7C5450008DDF65 /* CusutomContainerTests */,
				3FBAFBDF1D7C5450008DDF65 /* CusutomContainerUITests */,
			);
		};
/* End PBXProject section */

/* Begin PBXResourcesBuildPhase section */
		3FBAFBBF1D7C5450008DDF65 /* Resources */ = {
			isa = PBXResourcesBuildPhase;
			buildActionMask = 2147483647;
			files = (
				3FBAFBCF1D7C5450008DDF65 /* LaunchScreen.storyboard in Resources */,
				3FBAFBCC1D7C5450008DDF65 /* Assets.xcassets in Resources */,
				3FBAFBCA1D7C5450008DDF65 /* Main.storyboard in Resources */,
			);
			runOnlyForDeploymentPostprocessing = 0;
		};
		3FBAFBD31D7C5450008DDF65 /* Resources */ = {
			isa = PBXResourcesBuildPhase;
			buildActionMask = 2147483647;
			files = (
			);
			runOnlyForDeploymentPostprocessing = 0;
		};
		3FBAFBDE1D7C5450008DDF65 /* Resources */ = {
			isa = PBXResourcesBuildPhase;
			buildActionMask = 2147483647;
			files = (
			);
			runOnlyForDeploymentPostprocessing = 0;
		};
/* End PBXResourcesBuildPhase section */

/* Begin PBXSourcesBuildPhase section */
		3FBAFBBD1D7C5450008DDF65 /* Sources */ = {
			isa = PBXSourcesBuildPhase;
			buildActionMask = 2147483647;
			files = (
				3FBAFBC71D7C5450008DDF65 /* ViewController.swift in Sources */,
				3FBAFBC51D7C5450008DDF65 /* AppDelegate.swift in Sources */,
			);
			runOnlyForDeploymentPostprocessing = 0;
		};
		3FBAFBD11D7C5450008DDF65 /* Sources */ = {
			isa = PBXSourcesBuildPhase;
			buildActionMask = 2147483647;
			files = (
				3FBAFBDA1D7C5450008DDF65 /* CusutomContainerTests.swift in Sources */,
			);
			runOnlyForDeploymentPostprocessing = 0;
		};
		3FBAFBDC1D7C5450008DDF65 /* Sources */ = {
			isa = PBXSourcesBuildPhase;
			buildActionMask = 2147483647;
			files = (
				3FBAFBE51D7C5450008DDF65 /* CusutomContainerUITests.swift in Sources */,
			);
			runOnlyForDeploymentPostprocessing = 0;
		};
/* End PBXSourcesBuildPhase section */

/* Begin PBXTargetDependency section */
		3FBAFBD71D7C5450008DDF65 /* PBXTargetDependency */ = {
			isa = PBXTargetDependency;
			target = 3FBAFBC01D7C5450008DDF65 /* CusutomContainer */;
			targetProxy = 3FBAFBD61D7C5450008DDF65 /* PBXContainerItemProxy */;
		};
		3FBAFBE21D7C5450008DDF65 /* PBXTargetDependency */ = {
			isa = PBXTargetDependency;
			target = 3FBAFBC01D7C5450008DDF65 /* CusutomContainer */;
			targetProxy = 3FBAFBE11D7C5450008DDF65 /* PBXContainerItemProxy */;
		};
/* End PBXTargetDependency section */

/* Begin PBXVariantGroup section */
		3FBAFBC81D7C5450008DDF65 /* Main.storyboard */ = {
			isa = PBXVariantGroup;
			children = (
				3FBAFBC91D7C5450008DDF65 /* Base */,
			);
			name = Main.storyboard;
			sourceTree = "<group>";
		};
		3FBAFBCD1D7C5450008DDF65 /* LaunchScreen.storyboard */ = {
			isa = PBXVariantGroup;
			children = (
				3FBAFBCE1D7C5450008DDF65 /* Base */,
			);
			name = LaunchScreen.storyboard;
			sourceTree = "<group>";
		};
/* End PBXVariantGroup section */

/* Begin XCBuildConfiguration section */
		3FBAFBE71D7C5450008DDF65 /* Debug */ = {
			isa = XCBuildConfiguration;
			buildSettings = {
				ALWAYS_SEARCH_USER_PATHS = NO;
				CLANG_ANALYZER_NONNULL = YES;
				CLANG_CXX_LANGUAGE_STANDARD = "gnu++0x";
				CLANG_CXX_LIBRARY = "libc++";
				CLANG_ENABLE_MODULES = YES;
				CLANG_ENABLE_OBJC_ARC = YES;
				CLANG_WARN_BOOL_CONVERSION = YES;
				CLANG_WARN_CONSTANT_CONVERSION = YES;
				CLANG_WARN_DIRECT_OBJC_ISA_USAGE = YES_ERROR;
				CLANG_WARN_EMPTY_BODY = YES;
				CLANG_WARN_ENUM_CONVERSION = YES;
				CLANG_WARN_INT_CONVERSION = YES;
				CLANG_WARN_OBJC_ROOT_CLASS = YES_ERROR;
				CLANG_WARN_UNREACHABLE_CODE = YES;
				CLANG_WARN__DUPLICATE_METHOD_MATCH = YES;
				"CODE_SIGN_IDENTITY[sdk=iphoneos*]" = "iPhone Developer";
				COPY_PHASE_STRIP = NO;
				DEBUG_INFORMATION_FORMAT = dwarf;
				ENABLE_STRICT_OBJC_MSGSEND = YES;
				ENABLE_TESTABILITY = YES;
				GCC_C_LANGUAGE_STANDARD = gnu99;
				GCC_DYNAMIC_NO_PIC = NO;
				GCC_NO_COMMON_BLOCKS = YES;
				GCC_OPTIMIZATION_LEVEL = 0;
				GCC_PREPROCESSOR_DEFINITIONS = (
					"DEBUG=1",
					"$(inherited)",
				);
				GCC_WARN_64_TO_32_BIT_CONVERSION = YES;
				GCC_WARN_ABOUT_RETURN_TYPE = YES_ERROR;
				GCC_WARN_UNDECLARED_SELECTOR = YES;
				GCC_WARN_UNINITIALIZED_AUTOS = YES_AGGRESSIVE;
				GCC_WARN_UNUSED_FUNCTION = YES;
				GCC_WARN_UNUSED_VARIABLE = YES;
				IPHONEOS_DEPLOYMENT_TARGET = 9.3;
				MTL_ENABLE_DEBUG_INFO = YES;
				ONLY_ACTIVE_ARCH = YES;
				SDKROOT = iphoneos;
				SWIFT_OPTIMIZATION_LEVEL = "-Onone";
			};
			name = Debug;
		};
		3FBAFBE81D7C5450008DDF65 /* Release */ = {
			isa = XCBuildConfiguration;
			buildSettings = {
				ALWAYS_SEARCH_USER_PATHS = NO;
				CLANG_ANALYZER_NONNULL = YES;
				CLANG_CXX_LANGUAGE_STANDARD = "gnu++0x";
				CLANG_CXX_LIBRARY = "libc++";
				CLANG_ENABLE_MODULES = YES;
				CLANG_ENABLE_OBJC_ARC = YES;
				CLANG_WARN_BOOL_CONVERSION = YES;
				CLANG_WARN_CONSTANT_CONVERSION = YES;
				CLANG_WARN_DIRECT_OBJC_ISA_USAGE = YES_ERROR;
				CLANG_WARN_EMPTY_BODY = YES;
				CLANG_WARN_ENUM_CONVERSION = YES;
				CLANG_WARN_INT_CONVERSION = YES;
				CLANG_WARN_OBJC_ROOT_CLASS = YES_ERROR;
				CLANG_WARN_UNREACHABLE_CODE = YES;
				CLANG_WARN__DUPLICATE_METHOD_MATCH = YES;
				"CODE_SIGN_IDENTITY[sdk=iphoneos*]" = "iPhone Developer";
				COPY_PHASE_STRIP = NO;
				DEBUG_INFORMATION_FORMAT = "dwarf-with-dsym";
				ENABLE_NS_ASSERTIONS = NO;
				ENABLE_STRICT_OBJC_MSGSEND = YES;
				GCC_C_LANGUAGE_STANDARD = gnu99;
				GCC_NO_COMMON_BLOCKS = YES;
				GCC_WARN_64_TO_32_BIT_CONVERSION = YES;
				GCC_WARN_ABOUT_RETURN_TYPE = YES_ERROR;
				GCC_WARN_UNDECLARED_SELECTOR = YES;
				GCC_WARN_UNINITIALIZED_AUTOS = YES_AGGRESSIVE;
				GCC_WARN_UNUSED_FUNCTION = YES;
				GCC_WARN_UNUSED_VARIABLE = YES;
				IPHONEOS_DEPLOYMENT_TARGET = 9.3;
				MTL_ENABLE_DEBUG_INFO = NO;
				SDKROOT = iphoneos;
				VALIDATE_PRODUCT = YES;
			};
			name = Release;
		};
		3FBAFBEA1D7C5450008DDF65 /* Debug */ = {
			isa = XCBuildConfiguration;
			buildSettings = {
				ASSETCATALOG_COMPILER_APPICON_NAME = AppIcon;
				INFOPLIST_FILE = CusutomContainer/Info.plist;
				LD_RUNPATH_SEARCH_PATHS = "$(inherited) @executable_path/Frameworks";
				PRODUCT_BUNDLE_IDENTIFIER = "com.to-doapp.CusutomContainer";
				PRODUCT_NAME = "$(TARGET_NAME)";
			};
			name = Debug;
		};
		3FBAFBEB1D7C5450008DDF65 /* Release */ = {
			isa = XCBuildConfiguration;
			buildSettings = {
				ASSETCATALOG_COMPILER_APPICON_NAME = AppIcon;
				INFOPLIST_FILE = CusutomContainer/Info.plist;
				LD_RUNPATH_SEARCH_PATHS = "$(inherited) @executable_path/Frameworks";
				PRODUCT_BUNDLE_IDENTIFIER = "com.to-doapp.CusutomContainer";
				PRODUCT_NAME = "$(TARGET_NAME)";
			};
			name = Release;
		};
		3FBAFBED1D7C5450008DDF65 /* Debug */ = {
			isa = XCBuildConfiguration;
			buildSettings = {
				BUNDLE_LOADER = "$(TEST_HOST)";
				INFOPLIST_FILE = CusutomContainerTests/Info.plist;
				LD_RUNPATH_SEARCH_PATHS = "$(inherited) @executable_path/Frameworks @loader_path/Frameworks";
				PRODUCT_BUNDLE_IDENTIFIER = "com.to-doapp.CusutomContainerTests";
				PRODUCT_NAME = "$(TARGET_NAME)";
				TEST_HOST = "$(BUILT_PRODUCTS_DIR)/CusutomContainer.app/CusutomContainer";
			};
			name = Debug;
		};
		3FBAFBEE1D7C5450008DDF65 /* Release */ = {
			isa = XCBuildConfiguration;
			buildSettings = {
				BUNDLE_LOADER = "$(TEST_HOST)";
				INFOPLIST_FILE = CusutomContainerTests/Info.plist;
				LD_RUNPATH_SEARCH_PATHS = "$(inherited) @executable_path/Frameworks @loader_path/Frameworks";
				PRODUCT_BUNDLE_IDENTIFIER = "com.to-doapp.CusutomContainerTests";
				PRODUCT_NAME = "$(TARGET_NAME)";
				TEST_HOST = "$(BUILT_PRODUCTS_DIR)/CusutomContainer.app/CusutomContainer";
			};
			name = Release;
		};
		3FBAFBF01D7C5450008DDF65 /* Debug */ = {
			isa = XCBuildConfiguration;
			buildSettings = {
				INFOPLIST_FILE = CusutomContainerUITests/Info.plist;
				LD_RUNPATH_SEARCH_PATHS = "$(inherited) @executable_path/Frameworks @loader_path/Frameworks";
				PRODUCT_BUNDLE_IDENTIFIER = "com.to-doapp.CusutomContainerUITests";
				PRODUCT_NAME = "$(TARGET_NAME)";
				TEST_TARGET_NAME = CusutomContainer;
			};
			name = Debug;
		};
		3FBAFBF11D7C5450008DDF65 /* Release */ = {
			isa = XCBuildConfiguration;
			buildSettings = {
				INFOPLIST_FILE = CusutomContainerUITests/Info.plist;
				LD_RUNPATH_SEARCH_PATHS = "$(inherited) @executable_path/Frameworks @loader_path/Frameworks";
				PRODUCT_BUNDLE_IDENTIFIER = "com.to-doapp.CusutomContainerUITests";
				PRODUCT_NAME = "$(TARGET_NAME)";
				TEST_TARGET_NAME = CusutomContainer;
			};
			name = Release;
		};
/* End XCBuildConfiguration section */

/* Begin XCConfigurationList section */
		3FBAFBBC1D7C5450008DDF65 /* Build configuration list for PBXProject "CusutomContainer" */ = {
			isa = XCConfigurationList;
			buildConfigurations = (
				3FBAFBE71D7C5450008DDF65 /* Debug */,
				3FBAFBE81D7C5450008DDF65 /* Release */,
			);
			defaultConfigurationIsVisible = 0;
			defaultConfigurationName = Release;
		};
		3FBAFBE91D7C5450008DDF65 /* Build configuration list for PBXNativeTarget "CusutomContainer" */ = {
			isa = XCConfigurationList;
			buildConfigurations = (
				3FBAFBEA1D7C5450008DDF65 /* Debug */,
				3FBAFBEB1D7C5450008DDF65 /* Release */,
			);
			defaultConfigurationIsVisible = 0;
		};
		3FBAFBEC1D7C5450008DDF65 /* Build configuration list for PBXNativeTarget "CusutomContainerTests" */ = {
			isa = XCConfigurationList;
			buildConfigurations = (
				3FBAFBED1D7C5450008DDF65 /* Debug */,
				3FBAFBEE1D7C5450008DDF65 /* Release */,
			);
			defaultConfigurationIsVisible = 0;
		};
		3FBAFBEF1D7C5450008DDF65 /* Build configuration list for PBXNativeTarget "CusutomContainerUITests" */ = {
			isa = XCConfigurationList;
			buildConfigurations = (
				3FBAFBF01D7C5450008DDF65 /* Debug */,
				3FBAFBF11D7C5450008DDF65 /* Release */,
			);
			defaultConfigurationIsVisible = 0;
		};
/* End XCConfigurationList section */
	};
	rootObject = 3FBAFBB91D7C5450008DDF65 /* Project object */;
}
